# This file is automatically @generated by Poetry 1.8.3 and should not be changed by hand.

[[package]]
name = "py-sc-client"
version = "0.3.1"
description = "The Python implementation of the client for communication with the sc-server"
optional = false
python-versions = ">=3.8, <4"
files = [
    {file = "py-sc-client-0.3.1.tar.gz", hash = "sha256:5b8b25d3ac573a219d26c91573415d27f770c440baeb23e95024dabfb8469efe"},
    {file = "py_sc_client-0.3.1-py3-none-any.whl", hash = "sha256:9af22cfb7b8bc37f9b35cd12171619ad2af115a623f56188b5a8e4341eeb1e3a"},
]

[package.dependencies]
websocket-client = ">=1.0.1"

[[package]]
name = "py-sc-kpm"
version = "0.3.0"
description = "The Python implementation of the knowledge processing module for knowledge manipulations"
optional = false
python-versions = "<4,>=3.8"
files = [
    {file = "py_sc_kpm-0.3.0-py3-none-any.whl", hash = "sha256:86c08d7b061c3da5f47e31857236e10bcb1a0980dd514ed02e49e159aa84fd95"},
    {file = "py_sc_kpm-0.3.0.tar.gz", hash = "sha256:df00bace096ed051babcb673c565eb0902a115c7e991218ac4af10d2e649941c"},
]

[package.dependencies]
py-sc-client = ">=0.3.0"

[[package]]
name = "websocket-client"
version = "1.8.0"
description = "WebSocket client for Python with low level API options"
optional = false
python-versions = ">=3.8"
files = [
    {file = "websocket_client-1.8.0-py3-none-any.whl", hash = "sha256:17b44cc997f5c498e809b22cdf2d9c7a9e71c02c8cc2b6c56e7c2d1239bfa526"},
    {file = "websocket_client-1.8.0.tar.gz", hash = "sha256:3239df9f44da632f96012472805d40a23281a991027ce11d2f45a6f24ac4c3da"},
]

[package.extras]
docs = ["Sphinx (>=6.0)", "myst-parser (>=2.0.0)", "sphinx-rtd-theme (>=1.1.0)"]
optional = ["python-socks", "wsaccel"]
test = ["websockets"]

[metadata]
lock-version = "2.0"
python-versions = "^3.10"
content-hash = "ef81bb76076c90dcfc1ecd77ab97850c40f306e169d58dfe255f78f9f4c3b614"
